
Microsoft Visual Studio Solution File, Format Version 12.00
# Visual Studio Version 16
VisualStudioVersion = 16.0.33214.272
MinimumVisualStudioVersion = 10.0.40219.1
Project("{FAE04EC0-301F-11D3-BF4B-00C04F79EFBC}") = "MultiTenantApi", "MultiTenantApi\MultiTenantApi.csproj", "{4F0DC531-3F79-42D5-AA03-8CB3539EF5FB}"
EndProject
Global
	GlobalSection(SolutionConfigurationPlatforms) = preSolution
		Debug|Any CPU = Debug|Any CPU
		Release|Any CPU = Release|Any CPU
	EndGlobalSection
	GlobalSection(ProjectConfigurationPlatforms) = postSolution
		{4F0DC531-3F79-42D5-AA03-8CB3539EF5FB}.Debug|Any CPU.ActiveCfg = Debug|Any CPU
		{4F0DC531-3F79-42D5-AA03-8CB3539EF5FB}.Debug|Any CPU.Build.0 = Debug|Any CPU
		{4F0DC531-3F79-42D5-AA03-8CB3539EF5FB}.Release|Any CPU.ActiveCfg = Release|Any CPU
		{4F0DC531-3F79-42D5-AA03-8CB3539EF5FB}.Release|Any CPU.Build.0 = Release|Any CPU
	EndGlobalSection
	GlobalSection(SolutionProperties) = preSolution
		HideSolutionNode = FALSE
	EndGlobalSection
	GlobalSection(ExtensibilityGlobals) = postSolution
		SolutionGuid = {C80286CD-481D-4454-A9AD-9B2DDA805B0F}
	EndGlobalSection
EndGlobal
